
Microsoft Visual Studio Solution File, Format Version 12.00
# Visual Studio Version 16
VisualStudioVersion = 16.0.31129.286
MinimumVisualStudioVersion = 10.0.40219.1
Project("{FAE04EC0-301F-11D3-BF4B-00C04F79EFBC}") = "Toernooi", "Toernooi\Toernooi.csproj", "{EEBD3A69-842E-472A-B8DB-D79CD68E4C21}"
EndProject
Global
	GlobalSection(SolutionConfigurationPlatforms) = preSolution
		Debug|Any CPU = Debug|Any CPU
		Release|Any CPU = Release|Any CPU
	EndGlobalSection
	GlobalSection(ProjectConfigurationPlatforms) = postSolution
		{EEBD3A69-842E-472A-B8DB-D79CD68E4C21}.Debug|Any CPU.ActiveCfg = Debug|Any CPU
		{EEBD3A69-842E-472A-B8DB-D79CD68E4C21}.Debug|Any CPU.Build.0 = Debug|Any CPU
		{EEBD3A69-842E-472A-B8DB-D79CD68E4C21}.Release|Any CPU.ActiveCfg = Release|Any CPU
		{EEBD3A69-842E-472A-B8DB-D79CD68E4C21}.Release|Any CPU.Build.0 = Release|Any CPU
	EndGlobalSection
	GlobalSection(SolutionProperties) = preSolution
		HideSolutionNode = FALSE
	EndGlobalSection
	GlobalSection(ExtensibilityGlobals) = postSolution
		SolutionGuid = {FDC0B7DD-AA4D-4A96-B417-B7B9DCF20E4C}
	EndGlobalSection
EndGlobal
